<?xml version="1.0" encoding="utf-8"?>
<Project ToolsVersion="4.0" xmlns="http://schemas.microsoft.com/developer/msbuild/2003">
  <ItemGroup>
    <Filter Include="Quelldateien">
      <UniqueIdentifier>{4FC737F1-C7A5-4376-A066-2A32D752A2FF}</UniqueIdentifier>
      <Extensions>cpp;c;cc;cxx;c++;cppm;ixx;def;odl;idl;hpj;bat;asm;asmx</Extensions>
    </Filter>
    <Filter Include="Headerdateien">
      <UniqueIdentifier>{93995380-89BD-4b04-88EB-625FBE52EBFB}</UniqueIdentifier>
      <Extensions>h;hh;hpp;hxx;h++;hm;inl;inc;ipp;xsd</Extensions>
    </Filter>
    <Filter Include="Ressourcendateien">
      <UniqueIdentifier>{67DA6AB6-F800-4c08-8B7A-83BB121AAD01}</UniqueIdentifier>
      <Extensions>rc;ico;cur;bmp;dlg;rc2;rct;bin;rgs;gif;jpg;jpeg;jpe;resx;tiff;tif;png;wav;mfcribbon-ms</Extensions>
    </Filter>
    <Filter Include="Quelldateien\DoomGeneric">
      <UniqueIdentifier>{e0e13386-d270-40dc-9112-d9797936fc22}</UniqueIdentifier>
    </Filter>
    <Filter Include="Quelldateien\x86">
      <UniqueIdentifier>{11eb2a94-1cd9-4dfc-9644-f89ead9e9cf6}</UniqueIdentifier>
    </Filter>
  </ItemGroup>
  <ItemGroup>
    <ClCompile Include="..\..\doomgeneric\windows\doomgeneric_win.c">
      <Filter>Quelldateien</Filter>
    </ClCompile>
    <ClCompile Include="..\..\doomgeneric\am_map.c">
      <Filter>Quelldateien\DoomGeneric</Filter>
    </ClCompile>
    <ClCompile Include="..\..\doomgeneric\d_event.c">
      <Filter>Quelldateien\DoomGeneric</Filter>
    </ClCompile>
    <ClCompile Include="..\..\doomgeneric\d_items.c">
      <Filter>Quelldateien\DoomGeneric</Filter>
    </ClCompile>
    <ClCompile Include="..\..\doomgeneric\d_iwad.c">
      <Filter>Quelldateien\DoomGeneric</Filter>
    </ClCompile>
    <ClCompile Include="..\..\doomgeneric\d_loop.c">
      <Filter>Quelldateien\DoomGeneric</Filter>
    </ClCompile>
    <ClCompile Include="..\..\doomgeneric\d_main.c">
      <Filter>Quelldateien\DoomGeneric</Filter>
    </ClCompile>
    <ClCompile Include="..\..\doomgeneric\d_mode.c">
      <Filter>Quelldateien\DoomGeneric</Filter>
    </ClCompile>
    <ClCompile Include="..\..\doomgeneric\d_net.c">
      <Filter>Quelldateien\DoomGeneric</Filter>
    </ClCompile>
    <ClCompile Include="..\..\doomgeneric\doomdef.c">
      <Filter>Quelldateien\DoomGeneric</Filter>
    </ClCompile>
    <ClCompile Include="..\..\doomgeneric\doomgeneric.c">
      <Filter>Quelldateien\DoomGeneric</Filter>
    </ClCompile>
    <ClCompile Include="..\..\doomgeneric\doomstat.c">
      <Filter>Quelldateien\DoomGeneric</Filter>
    </ClCompile>
    <ClCompile Include="..\..\doomgeneric\dstrings.c">
      <Filter>Quelldateien\DoomGeneric</Filter>
    </ClCompile>
    <ClCompile Include="..\..\doomgeneric\dummy.c">
      <Filter>Quelldateien\DoomGeneric</Filter>
    </ClCompile>
    <ClCompile Include="..\..\doomgeneric\f_finale.c">
      <Filter>Quelldateien\DoomGeneric</Filter>
    </ClCompile>
    <ClCompile Include="..\..\doomgeneric\f_wipe.c">
      <Filter>Quelldateien\DoomGeneric</Filter>
    </ClCompile>
    <ClCompile Include="..\..\doomgeneric\g_game.c">
      <Filter>Quelldateien\DoomGeneric</Filter>
    </ClCompile>
    <ClCompile Include="..\..\doomgeneric\hu_lib.c">
      <Filter>Quelldateien\DoomGeneric</Filter>
    </ClCompile>
    <ClCompile Include="..\..\doomgeneric\hu_stuff.c">
      <Filter>Quelldateien\DoomGeneric</Filter>
    </ClCompile>
    <ClCompile Include="..\..\doomgeneric\i_endoom.c">
      <Filter>Quelldateien\DoomGeneric</Filter>
    </ClCompile>
    <ClCompile Include="..\..\doomgeneric\i_input.c">
      <Filter>Quelldateien\DoomGeneric</Filter>
    </ClCompile>
    <ClCompile Include="..\..\doomgeneric\i_joystick.c">
      <Filter>Quelldateien\DoomGeneric</Filter>
    </ClCompile>
    <ClCompile Include="..\..\doomgeneric\i_scale.c">
      <Filter>Quelldateien\DoomGeneric</Filter>
    </ClCompile>
    <ClCompile Include="..\..\doomgeneric\i_sound.c">
      <Filter>Quelldateien\DoomGeneric</Filter>
    </ClCompile>
    <ClCompile Include="..\..\doomgeneric\i_timer.c">
      <Filter>Quelldateien\DoomGeneric</Filter>
    </ClCompile>
    <ClCompile Include="..\..\doomgeneric\info.c">
      <Filter>Quelldateien\DoomGeneric</Filter>
    </ClCompile>
    <ClCompile Include="..\..\doomgeneric\m_argv.c">
      <Filter>Quelldateien\DoomGeneric</Filter>
    </ClCompile>
    <ClCompile Include="..\..\doomgeneric\m_bbox.c">
      <Filter>Quelldateien\DoomGeneric</Filter>
    </ClCompile>
    <ClCompile Include="..\..\doomgeneric\m_cheat.c">
      <Filter>Quelldateien\DoomGeneric</Filter>
    </ClCompile>
    <ClCompile Include="..\..\doomgeneric\m_config.c">
      <Filter>Quelldateien\DoomGeneric</Filter>
    </ClCompile>
    <ClCompile Include="..\..\doomgeneric\m_controls.c">
      <Filter>Quelldateien\DoomGeneric</Filter>
    </ClCompile>
    <ClCompile Include="..\..\doomgeneric\m_fixed.c">
      <Filter>Quelldateien\DoomGeneric</Filter>
    </ClCompile>
    <ClCompile Include="..\..\doomgeneric\m_menu.c">
      <Filter>Quelldateien\DoomGeneric</Filter>
    </ClCompile>
    <ClCompile Include="..\..\doomgeneric\m_misc.c">
      <Filter>Quelldateien\DoomGeneric</Filter>
    </ClCompile>
    <ClCompile Include="..\..\doomgeneric\m_random.c">
      <Filter>Quelldateien\DoomGeneric</Filter>
    </ClCompile>
    <ClCompile Include="..\..\doomgeneric\memio.c">
      <Filter>Quelldateien\DoomGeneric</Filter>
    </ClCompile>
    <ClCompile Include="..\..\doomgeneric\p_ceilng.c">
      <Filter>Quelldateien\DoomGeneric</Filter>
    </ClCompile>
    <ClCompile Include="..\..\doomgeneric\p_doors.c">
      <Filter>Quelldateien\DoomGeneric</Filter>
    </ClCompile>
    <ClCompile Include="..\..\doomgeneric\p_enemy.c">
      <Filter>Quelldateien\DoomGeneric</Filter>
    </ClCompile>
    <ClCompile Include="..\..\doomgeneric\p_floor.c">
      <Filter>Quelldateien\DoomGeneric</Filter>
    </ClCompile>
    <ClCompile Include="..\..\doomgeneric\p_inter.c">
      <Filter>Quelldateien\DoomGeneric</Filter>
    </ClCompile>
    <ClCompile Include="..\..\doomgeneric\p_lights.c">
      <Filter>Quelldateien\DoomGeneric</Filter>
    </ClCompile>
    <ClCompile Include="..\..\doomgeneric\p_map.c">
      <Filter>Quelldateien\DoomGeneric</Filter>
    </ClCompile>
    <ClCompile Include="..\..\doomgeneric\p_maputl.c">
      <Filter>Quelldateien\DoomGeneric</Filter>
    </ClCompile>
    <ClCompile Include="..\..\doomgeneric\p_mobj.c">
      <Filter>Quelldateien\DoomGeneric</Filter>
    </ClCompile>
    <ClCompile Include="..\..\doomgeneric\p_plats.c">
      <Filter>Quelldateien\DoomGeneric</Filter>
    </ClCompile>
    <ClCompile Include="..\..\doomgeneric\p_pspr.c">
      <Filter>Quelldateien\DoomGeneric</Filter>
    </ClCompile>
    <ClCompile Include="..\..\doomgeneric\p_saveg.c">
      <Filter>Quelldateien\DoomGeneric</Filter>
    </ClCompile>
    <ClCompile Include="..\..\doomgeneric\p_setup.c">
      <Filter>Quelldateien\DoomGeneric</Filter>
    </ClCompile>
    <ClCompile Include="..\..\doomgeneric\p_sight.c">
      <Filter>Quelldateien\DoomGeneric</Filter>
    </ClCompile>
    <ClCompile Include="..\..\doomgeneric\p_spec.c">
      <Filter>Quelldateien\DoomGeneric</Filter>
    </ClCompile>
    <ClCompile Include="..\..\doomgeneric\p_switch.c">
      <Filter>Quelldateien\DoomGeneric</Filter>
    </ClCompile>
    <ClCompile Include="..\..\doomgeneric\p_telept.c">
      <Filter>Quelldateien\DoomGeneric</Filter>
    </ClCompile>
    <ClCompile Include="..\..\doomgeneric\p_tick.c">
      <Filter>Quelldateien\DoomGeneric</Filter>
    </ClCompile>
    <ClCompile Include="..\..\doomgeneric\p_user.c">
      <Filter>Quelldateien\DoomGeneric</Filter>
    </ClCompile>
    <ClCompile Include="..\..\doomgeneric\r_bsp.c">
      <Filter>Quelldateien\DoomGeneric</Filter>
    </ClCompile>
    <ClCompile Include="..\..\doomgeneric\r_data.c">
      <Filter>Quelldateien\DoomGeneric</Filter>
    </ClCompile>
    <ClCompile Include="..\..\doomgeneric\r_draw.c">
      <Filter>Quelldateien\DoomGeneric</Filter>
    </ClCompile>
    <ClCompile Include="..\..\doomgeneric\r_main.c">
      <Filter>Quelldateien\DoomGeneric</Filter>
    </ClCompile>
    <ClCompile Include="..\..\doomgeneric\r_plane.c">
      <Filter>Quelldateien\DoomGeneric</Filter>
    </ClCompile>
    <ClCompile Include="..\..\doomgeneric\r_segs.c">
      <Filter>Quelldateien\DoomGeneric</Filter>
    </ClCompile>
    <ClCompile Include="..\..\doomgeneric\r_sky.c">
      <Filter>Quelldateien\DoomGeneric</Filter>
    </ClCompile>
    <ClCompile Include="..\..\doomgeneric\r_things.c">
      <Filter>Quelldateien\DoomGeneric</Filter>
    </ClCompile>
    <ClCompile Include="..\..\doomgeneric\s_sound.c">
      <Filter>Quelldateien\DoomGeneric</Filter>
    </ClCompile>
    <ClCompile Include="..\..\doomgeneric\sha1.c">
      <Filter>Quelldateien\DoomGeneric</Filter>
    </ClCompile>
    <ClCompile Include="..\..\doomgeneric\sounds.c">
      <Filter>Quelldateien\DoomGeneric</Filter>
    </ClCompile>
    <ClCompile Include="..\..\doomgeneric\st_lib.c">
      <Filter>Quelldateien\DoomGeneric</Filter>
    </ClCompile>
    <ClCompile Include="..\..\doomgeneric\st_stuff.c">
      <Filter>Quelldateien\DoomGeneric</Filter>
    </ClCompile>
    <ClCompile Include="..\..\doomgeneric\tables.c">
      <Filter>Quelldateien\DoomGeneric</Filter>
    </ClCompile>
    <ClCompile Include="..\..\doomgeneric\v_video.c">
      <Filter>Quelldateien\DoomGeneric</Filter>
    </ClCompile>
    <ClCompile Include="..\..\doomgeneric\w_checksum.c">
      <Filter>Quelldateien\DoomGeneric</Filter>
    </ClCompile>
    <ClCompile Include="..\..\doomgeneric\w_file.c">
      <Filter>Quelldateien\DoomGeneric</Filter>
    </ClCompile>
    <ClCompile Include="..\..\doomgeneric\w_file_stdc.c">
      <Filter>Quelldateien\DoomGeneric</Filter>
    </ClCompile>
    <ClCompile Include="..\..\doomgeneric\w_main.c">
      <Filter>Quelldateien\DoomGeneric</Filter>
    </ClCompile>
    <ClCompile Include="..\..\doomgeneric\w_wad.c">
      <Filter>Quelldateien\DoomGeneric</Filter>
    </ClCompile>
    <ClCompile Include="..\..\doomgeneric\wi_stuff.c">
      <Filter>Quelldateien\DoomGeneric</Filter>
    </ClCompile>
    <ClCompile Include="..\..\doomgeneric\z_zone.c">
      <Filter>Quelldateien\DoomGeneric</Filter>
    </ClCompile>
    <ClCompile Include="..\..\doomgeneric\x86\i_system.c">
      <Filter>Quelldateien\x86</Filter>
    </ClCompile>
    <ClCompile Include="..\..\doomgeneric\x86\i_video.c">
      <Filter>Quelldateien\x86</Filter>
    </ClCompile>
    <ClCompile Include="..\..\doomgeneric\x86\statdump.c">
      <Filter>Quelldateien\x86</Filter>
    </ClCompile>
  </ItemGroup>
  <ItemGroup>
    <ClInclude Include="..\..\doomgeneric\am_map.h">
      <Filter>Headerdateien</Filter>
    </ClInclude>
    <ClInclude Include="..\..\doomgeneric\config.h">
      <Filter>Headerdateien</Filter>
    </ClInclude>
    <ClInclude Include="..\..\doomgeneric\d_englsh.h">
      <Filter>Headerdateien</Filter>
    </ClInclude>
    <ClInclude Include="..\..\doomgeneric\d_event.h">
      <Filter>Headerdateien</Filter>
    </ClInclude>
    <ClInclude Include="..\..\doomgeneric\d_items.h">
      <Filter>Headerdateien</Filter>
    </ClInclude>
    <ClInclude Include="..\..\doomgeneric\d_iwad.h">
      <Filter>Headerdateien</Filter>
    </ClInclude>
    <ClInclude Include="..\..\doomgeneric\d_loop.h">
      <Filter>Headerdateien</Filter>
    </ClInclude>
    <ClInclude Include="..\..\doomgeneric\d_main.h">
      <Filter>Headerdateien</Filter>
    </ClInclude>
    <ClInclude Include="..\..\doomgeneric\d_mode.h">
      <Filter>Headerdateien</Filter>
    </ClInclude>
    <ClInclude Include="..\..\doomgeneric\d_player.h">
      <Filter>Headerdateien</Filter>
    </ClInclude>
    <ClInclude Include="..\..\doomgeneric\d_textur.h">
      <Filter>Headerdateien</Filter>
    </ClInclude>
    <ClInclude Include="..\..\doomgeneric\d_think.h">
      <Filter>Headerdateien</Filter>
    </ClInclude>
    <ClInclude Include="..\..\doomgeneric\d_ticcmd.h">
      <Filter>Headerdateien</Filter>
    </ClInclude>
    <ClInclude Include="..\..\doomgeneric\deh_main.h">
      <Filter>Headerdateien</Filter>
    </ClInclude>
    <ClInclude Include="..\..\doomgeneric\deh_misc.h">
      <Filter>Headerdateien</Filter>
    </ClInclude>
    <ClInclude Include="..\..\doomgeneric\deh_str.h">
      <Filter>Headerdateien</Filter>
    </ClInclude>
    <ClInclude Include="..\..\doomgeneric\doom.h">
      <Filter>Headerdateien</Filter>
    </ClInclude>
    <ClInclude Include="..\..\doomgeneric\doomdata.h">
      <Filter>Headerdateien</Filter>
    </ClInclude>
    <ClInclude Include="..\..\doomgeneric\doomdef.h">
      <Filter>Headerdateien</Filter>
    </ClInclude>
    <ClInclude Include="..\..\doomgeneric\doomfeatures.h">
      <Filter>Headerdateien</Filter>
    </ClInclude>
    <ClInclude Include="..\..\doomgeneric\doomgeneric.h">
      <Filter>Headerdateien</Filter>
    </ClInclude>
    <ClInclude Include="..\..\doomgeneric\doomkeys.h">
      <Filter>Headerdateien</Filter>
    </ClInclude>
    <ClInclude Include="..\..\doomgeneric\doomstat.h">
      <Filter>Headerdateien</Filter>
    </ClInclude>
    <ClInclude Include="..\..\doomgeneric\doomtype.h">
      <Filter>Headerdateien</Filter>
    </ClInclude>
    <ClInclude Include="..\..\doomgeneric\dstrings.h">
      <Filter>Headerdateien</Filter>
    </ClInclude>
    <ClInclude Include="..\..\doomgeneric\f_finale.h">
      <Filter>Headerdateien</Filter>
    </ClInclude>
    <ClInclude Include="..\..\doomgeneric\f_wipe.h">
      <Filter>Headerdateien</Filter>
    </ClInclude>
    <ClInclude Include="..\..\doomgeneric\g_game.h">
      <Filter>Headerdateien</Filter>
    </ClInclude>
    <ClInclude Include="..\..\doomgeneric\hu_lib.h">
      <Filter>Headerdateien</Filter>
    </ClInclude>
    <ClInclude Include="..\..\doomgeneric\hu_stuff.h">
      <Filter>Headerdateien</Filter>
    </ClInclude>
    <ClInclude Include="..\..\doomgeneric\i_cdmus.h">
      <Filter>Headerdateien</Filter>
    </ClInclude>
    <ClInclude Include="..\..\doomgeneric\i_endoom.h">
      <Filter>Headerdateien</Filter>
    </ClInclude>
    <ClInclude Include="..\..\doomgeneric\i_joystick.h">
      <Filter>Headerdateien</Filter>
    </ClInclude>
    <ClInclude Include="..\..\doomgeneric\i_scale.h">
      <Filter>Headerdateien</Filter>
    </ClInclude>
    <ClInclude Include="..\..\doomgeneric\i_sound.h">
      <Filter>Headerdateien</Filter>
    </ClInclude>
    <ClInclude Include="..\..\doomgeneric\i_swap.h">
      <Filter>Headerdateien</Filter>
    </ClInclude>
    <ClInclude Include="..\..\doomgeneric\i_system.h">
      <Filter>Headerdateien</Filter>
    </ClInclude>
    <ClInclude Include="..\..\doomgeneric\i_timer.h">
      <Filter>Headerdateien</Filter>
    </ClInclude>
    <ClInclude Include="..\..\doomgeneric\i_video.h">
      <Filter>Headerdateien</Filter>
    </ClInclude>
    <ClInclude Include="..\..\doomgeneric\info.h">
      <Filter>Headerdateien</Filter>
    </ClInclude>
    <ClInclude Include="..\..\doomgeneric\m_argv.h">
      <Filter>Headerdateien</Filter>
    </ClInclude>
    <ClInclude Include="..\..\doomgeneric\m_bbox.h">
      <Filter>Headerdateien</Filter>
    </ClInclude>
    <ClInclude Include="..\..\doomgeneric\m_cheat.h">
      <Filter>Headerdateien</Filter>
    </ClInclude>
    <ClInclude Include="..\..\doomgeneric\m_config.h">
      <Filter>Headerdateien</Filter>
    </ClInclude>
    <ClInclude Include="..\..\doomgeneric\m_controls.h">
      <Filter>Headerdateien</Filter>
    </ClInclude>
    <ClInclude Include="..\..\doomgeneric\m_fixed.h">
      <Filter>Headerdateien</Filter>
    </ClInclude>
    <ClInclude Include="..\..\doomgeneric\m_menu.h">
      <Filter>Headerdateien</Filter>
    </ClInclude>
    <ClInclude Include="..\..\doomgeneric\m_misc.h">
      <Filter>Headerdateien</Filter>
    </ClInclude>
    <ClInclude Include="..\..\doomgeneric\m_random.h">
      <Filter>Headerdateien</Filter>
    </ClInclude>
    <ClInclude Include="..\..\doomgeneric\memio.h">
      <Filter>Headerdateien</Filter>
    </ClInclude>
    <ClInclude Include="..\..\doomgeneric\net_client.h">
      <Filter>Headerdateien</Filter>
    </ClInclude>
    <ClInclude Include="..\..\doomgeneric\net_dedicated.h">
      <Filter>Headerdateien</Filter>
    </ClInclude>
    <ClInclude Include="..\..\doomgeneric\net_defs.h">
      <Filter>Headerdateien</Filter>
    </ClInclude>
    <ClInclude Include="..\..\doomgeneric\net_gui.h">
      <Filter>Headerdateien</Filter>
    </ClInclude>
    <ClInclude Include="..\..\doomgeneric\net_io.h">
      <Filter>Headerdateien</Filter>
    </ClInclude>
    <ClInclude Include="..\..\doomgeneric\net_loop.h">
      <Filter>Headerdateien</Filter>
    </ClInclude>
    <ClInclude Include="..\..\doomgeneric\net_packet.h">
      <Filter>Headerdateien</Filter>
    </ClInclude>
    <ClInclude Include="..\..\doomgeneric\net_query.h">
      <Filter>Headerdateien</Filter>
    </ClInclude>
    <ClInclude Include="..\..\doomgeneric\net_sdl.h">
      <Filter>Headerdateien</Filter>
    </ClInclude>
    <ClInclude Include="..\..\doomgeneric\net_server.h">
      <Filter>Headerdateien</Filter>
    </ClInclude>
    <ClInclude Include="..\..\doomgeneric\p_inter.h">
      <Filter>Headerdateien</Filter>
    </ClInclude>
    <ClInclude Include="..\..\doomgeneric\p_local.h">
      <Filter>Headerdateien</Filter>
    </ClInclude>
    <ClInclude Include="..\..\doomgeneric\p_mobj.h">
      <Filter>Headerdateien</Filter>
    </ClInclude>
    <ClInclude Include="..\..\doomgeneric\p_pspr.h">
      <Filter>Headerdateien</Filter>
    </ClInclude>
    <ClInclude Include="..\..\doomgeneric\p_saveg.h">
      <Filter>Headerdateien</Filter>
    </ClInclude>
    <ClInclude Include="..\..\doomgeneric\p_setup.h">
      <Filter>Headerdateien</Filter>
    </ClInclude>
    <ClInclude Include="..\..\doomgeneric\p_spec.h">
      <Filter>Headerdateien</Filter>
    </ClInclude>
    <ClInclude Include="..\..\doomgeneric\p_tick.h">
      <Filter>Headerdateien</Filter>
    </ClInclude>
    <ClInclude Include="..\..\doomgeneric\r_bsp.h">
      <Filter>Headerdateien</Filter>
    </ClInclude>
    <ClInclude Include="..\..\doomgeneric\r_data.h">
      <Filter>Headerdateien</Filter>
    </ClInclude>
    <ClInclude Include="..\..\doomgeneric\r_defs.h">
      <Filter>Headerdateien</Filter>
    </ClInclude>
    <ClInclude Include="..\..\doomgeneric\r_draw.h">
      <Filter>Headerdateien</Filter>
    </ClInclude>
    <ClInclude Include="..\..\doomgeneric\r_local.h">
      <Filter>Headerdateien</Filter>
    </ClInclude>
    <ClInclude Include="..\..\doomgeneric\r_main.h">
      <Filter>Headerdateien</Filter>
    </ClInclude>
    <ClInclude Include="..\..\doomgeneric\r_plane.h">
      <Filter>Headerdateien</Filter>
    </ClInclude>
    <ClInclude Include="..\..\doomgeneric\r_segs.h">
      <Filter>Headerdateien</Filter>
    </ClInclude>
    <ClInclude Include="..\..\doomgeneric\r_sky.h">
      <Filter>Headerdateien</Filter>
    </ClInclude>
    <ClInclude Include="..\..\doomgeneric\r_state.h">
      <Filter>Headerdateien</Filter>
    </ClInclude>
    <ClInclude Include="..\..\doomgeneric\r_things.h">
      <Filter>Headerdateien</Filter>
    </ClInclude>
    <ClInclude Include="..\..\doomgeneric\s_sound.h">
      <Filter>Headerdateien</Filter>
    </ClInclude>
    <ClInclude Include="..\..\doomgeneric\sha1.h">
      <Filter>Headerdateien</Filter>
    </ClInclude>
    <ClInclude Include="..\..\doomgeneric\sounds.h">
      <Filter>Headerdateien</Filter>
    </ClInclude>
    <ClInclude Include="..\..\doomgeneric\st_lib.h">
      <Filter>Headerdateien</Filter>
    </ClInclude>
    <ClInclude Include="..\..\doomgeneric\st_stuff.h">
      <Filter>Headerdateien</Filter>
    </ClInclude>
    <ClInclude Include="..\..\doomgeneric\statdump.h">
      <Filter>Headerdateien</Filter>
    </ClInclude>
    <ClInclude Include="..\..\doomgeneric\tables.h">
      <Filter>Headerdateien</Filter>
    </ClInclude>
    <ClInclude Include="..\..\doomgeneric\v_patch.h">
      <Filter>Headerdateien</Filter>
    </ClInclude>
    <ClInclude Include="..\..\doomgeneric\v_video.h">
      <Filter>Headerdateien</Filter>
    </ClInclude>
    <ClInclude Include="..\..\doomgeneric\w_checksum.h">
      <Filter>Headerdateien</Filter>
    </ClInclude>
    <ClInclude Include="..\..\doomgeneric\w_file.h">
      <Filter>Headerdateien</Filter>
    </ClInclude>
    <ClInclude Include="..\..\doomgeneric\w_main.h">
      <Filter>Headerdateien</Filter>
    </ClInclude>
    <ClInclude Include="..\..\doomgeneric\w_merge.h">
      <Filter>Headerdateien</Filter>
    </ClInclude>
    <ClInclude Include="..\..\doomgeneric\w_wad.h">
      <Filter>Headerdateien</Filter>
    </ClInclude>
    <ClInclude Include="..\..\doomgeneric\wi_stuff.h">
      <Filter>Headerdateien</Filter>
    </ClInclude>
    <ClInclude Include="..\..\doomgeneric\z_zone.h">
      <Filter>Headerdateien</Filter>
    </ClInclude>
  </ItemGroup>
</Project>